PODS:
  - LGSideMenuController (3.1.2)
  - Magnetic (3.2.1)
  - MBProgressHUD (1.2.0)
  - SDWebImage (5.12.3):
    - SDWebImage/Core (= 5.12.3)
  - SDWebImage/Core (5.12.3)
  - SoundWave (0.1.4)
  - SwiftGifOrigin (1.7.0)
  - SwiftyJSON (5.0.1)
  - TTGSnackbar (1.10.5)

DEPENDENCIES:
  - LGSideMenuController (~> 3.1.2)
  - Magnetic (~> 3.2.1)
  - MBProgressHUD (~> 1.2.0)
  - SDWebImage (~> 5.12.3)
  - SoundWave (~> 0.1.4)
  - SwiftGifOrigin (~> 1.7.0)
  - SwiftyJSON (~> 5.0.1)
  - TTGSnackbar (~> 1.10.5)

SPEC REPOS:
  trunk:
    - LGSideMenuController
    - Magnetic
    - MBProgressHUD
    - SDWebImage
    - SoundWave
    - SwiftGifOrigin
    - SwiftyJSON
    - TTGSnackbar

SPEC CHECKSUMS:
  LGSideMenuController: 0c7b155b0dbdf14bf8b88d5ac363c5fe1584bb23
  Magnetic: 02b9d6686160421cc4285140387419ec9ccab033
  MBProgressHUD: 3ee5efcc380f6a79a7cc9b363dd669c5e1ae7406
  SDWebImage: 53179a2dba77246efa8a9b85f5c5b21f8f43e38f
  SoundWave: d98ffaa863570b29d991da32a09b7ce1b4aaf2d4
  SwiftGifOrigin: fbd6cf37afcfcf97a5c3db996ddc0492e5c5c145
  SwiftyJSON: 2f33a42c6fbc52764d96f13368585094bfd8aa5e
  TTGSnackbar: 2bd245d2bbf83639483410273fd936af0b7ba2a9

PODFILE CHECKSUM: 21abb2bf7a76a4c3b65b4b2324968ca908c3903d

COCOAPODS: 1.11.2
