// !$*UTF8*$!
{
	archiveVersion = 1;
	classes = {
	};
	objectVersion = 55;
	objects = {

/* Begin PBXBuildFile section */
		1EB7394245B5AE4F8F90D710 /* Pods_TaleOMeterTests.framework in Frameworks */ = {isa = PBXBuildFile; fileRef = BDFE8EB0EFC0C053C31AA93D /* Pods_TaleOMeterTests.framework */; };
		60120E3812776E7A28A059E0 /* Pods_TaleOMeter_TaleOMeterUITests.framework in Frameworks */ = {isa = PBXBuildFile; fileRef = 6D82862AB4C1990C0D8AF1C1 /* Pods_TaleOMeter_TaleOMeterUITests.framework */; };
		6353708627BA26CF000A144E /* LoginViewController.swift in Sources */ = {isa = PBXBuildFile; fileRef = 6353708527BA26CF000A144E /* LoginViewController.swift */; };
		6353708827BA271F000A144E /* Auth.storyboard in Resources */ = {isa = PBXBuildFile; fileRef = 6353708727BA271F000A144E /* Auth.storyboard */; };
		6358430D27B7AED90055DE7E /* AppDelegate.swift in Sources */ = {isa = PBXBuildFile; fileRef = 6358430C27B7AED90055DE7E /* AppDelegate.swift */; };
		6358430F27B7AED90055DE7E /* SceneDelegate.swift in Sources */ = {isa = PBXBuildFile; fileRef = 6358430E27B7AED90055DE7E /* SceneDelegate.swift */; };
		6358431127B7AED90055DE7E /* MainViewController.swift in Sources */ = {isa = PBXBuildFile; fileRef = 6358431027B7AED90055DE7E /* MainViewController.swift */; };
		6358431427B7AED90055DE7E /* Main.storyboard in Resources */ = {isa = PBXBuildFile; fileRef = 6358431227B7AED90055DE7E /* Main.storyboard */; };
		6358431627B7AEDB0055DE7E /* Assets.xcassets in Resources */ = {isa = PBXBuildFile; fileRef = 6358431527B7AEDB0055DE7E /* Assets.xcassets */; };
		6358431927B7AEDB0055DE7E /* LaunchScreen.storyboard in Resources */ = {isa = PBXBuildFile; fileRef = 6358431727B7AEDB0055DE7E /* LaunchScreen.storyboard */; };
		6358432427B7AEDB0055DE7E /* TaleOMeterTests.swift in Sources */ = {isa = PBXBuildFile; fileRef = 6358432327B7AEDB0055DE7E /* TaleOMeterTests.swift */; };
		6358432E27B7AEDB0055DE7E /* TaleOMeterUITests.swift in Sources */ = {isa = PBXBuildFile; fileRef = 6358432D27B7AEDB0055DE7E /* TaleOMeterUITests.swift */; };
		6358433027B7AEDB0055DE7E /* TaleOMeterUITestsLaunchTests.swift in Sources */ = {isa = PBXBuildFile; fileRef = 6358432F27B7AEDB0055DE7E /* TaleOMeterUITestsLaunchTests.swift */; };
		6358433F27B7B7C80055DE7E /* SideMenu.storyboard in Resources */ = {isa = PBXBuildFile; fileRef = 6358433E27B7B7C80055DE7E /* SideMenu.storyboard */; };
		6358434F27B7BA980055DE7E /* RightViewController.swift in Sources */ = {isa = PBXBuildFile; fileRef = 6358434E27B7BA980055DE7E /* RightViewController.swift */; };
		6358435127B7BDE30055DE7E /* RightViewCell.swift in Sources */ = {isa = PBXBuildFile; fileRef = 6358435027B7BDE30055DE7E /* RightViewCell.swift */; };
		6358435327B7BE200055DE7E /* RightViewCellBackgroundView.swift in Sources */ = {isa = PBXBuildFile; fileRef = 6358435227B7BE200055DE7E /* RightViewCellBackgroundView.swift */; };
		6358435527B7BE970055DE7E /* Helper.swift in Sources */ = {isa = PBXBuildFile; fileRef = 6358435427B7BE970055DE7E /* Helper.swift */; };
		6358435727B7C42C0055DE7E /* Constants.swift in Sources */ = {isa = PBXBuildFile; fileRef = 6358435627B7C42C0055DE7E /* Constants.swift */; };
		6358435A27B7C5EA0055DE7E /* LaunchViewController.swift in Sources */ = {isa = PBXBuildFile; fileRef = 6358435927B7C5EA0055DE7E /* LaunchViewController.swift */; };
		6358435D27B7C9EC0055DE7E /* DashboardViewController.swift in Sources */ = {isa = PBXBuildFile; fileRef = 6358435C27B7C9EC0055DE7E /* DashboardViewController.swift */; };
		6358436027B7CFC60055DE7E /* Media.xcassets in Resources */ = {isa = PBXBuildFile; fileRef = 6358435F27B7CFC60055DE7E /* Media.xcassets */; };
		6358436227B7D3780055DE7E /* splash_anim_new.gif in Resources */ = {isa = PBXBuildFile; fileRef = 6358436127B7D3780055DE7E /* splash_anim_new.gif */; };
		6361179127BA34CF000C1749 /* VerificationViewController.swift in Sources */ = {isa = PBXBuildFile; fileRef = 6361178F27BA34CF000C1749 /* VerificationViewController.swift */; };
		6361179227BA34CF000C1749 /* RegisterViewController.swift in Sources */ = {isa = PBXBuildFile; fileRef = 6361179027BA34CF000C1749 /* RegisterViewController.swift */; };
		6361179427BA553B000C1749 /* CountryViewController.swift in Sources */ = {isa = PBXBuildFile; fileRef = 6361179327BA553B000C1749 /* CountryViewController.swift */; };
		6361179727BA5814000C1749 /* Country.swift in Sources */ = {isa = PBXBuildFile; fileRef = 6361179627BA5814000C1749 /* Country.swift */; };
		6361179A27BA685F000C1749 /* UIColor+Extension.swift in Sources */ = {isa = PBXBuildFile; fileRef = 6361179927BA685F000C1749 /* UIColor+Extension.swift */; };
		636117A027BA68D6000C1749 /* String+Extension.swift in Sources */ = {isa = PBXBuildFile; fileRef = 6361179F27BA68D6000C1749 /* String+Extension.swift */; };
		636117A227BA68ED000C1749 /* NSLocale+Extension.swift in Sources */ = {isa = PBXBuildFile; fileRef = 636117A127BA68ED000C1749 /* NSLocale+Extension.swift */; };
		636117A427BA75FB000C1749 /* UIViewController+Extension.swift in Sources */ = {isa = PBXBuildFile; fileRef = 636117A327BA75FB000C1749 /* UIViewController+Extension.swift */; };
		76AD30E196281466F1D06E7F /* Pods_TaleOMeter.framework in Frameworks */ = {isa = PBXBuildFile; fileRef = 385B567CEA63B2BFA522B333 /* Pods_TaleOMeter.framework */; };
/* End PBXBuildFile section */

/* Begin PBXContainerItemProxy section */
		6358432027B7AEDB0055DE7E /* PBXContainerItemProxy */ = {
			isa = PBXContainerItemProxy;
			containerPortal = 6358430127B7AED90055DE7E /* Project object */;
			proxyType = 1;
			remoteGlobalIDString = 6358430827B7AED90055DE7E;
			remoteInfo = TaleOMeter;
		};
		6358432A27B7AEDB0055DE7E /* PBXContainerItemProxy */ = {
			isa = PBXContainerItemProxy;
			containerPortal = 6358430127B7AED90055DE7E /* Project object */;
			proxyType = 1;
			remoteGlobalIDString = 6358430827B7AED90055DE7E;
			remoteInfo = TaleOMeter;
		};
/* End PBXContainerItemProxy section */

/* Begin PBXFileReference section */
		1BD58E8CF381A51C9E217D0F /* Pods-TaleOMeterTests.debug.xcconfig */ = {isa = PBXFileReference; includeInIndex = 1; lastKnownFileType = text.xcconfig; name = "Pods-TaleOMeterTests.debug.xcconfig"; path = "Target Support Files/Pods-TaleOMeterTests/Pods-TaleOMeterTests.debug.xcconfig"; sourceTree = "<group>"; };
		385B567CEA63B2BFA522B333 /* Pods_TaleOMeter.framework */ = {isa = PBXFileReference; explicitFileType = wrapper.framework; includeInIndex = 0; path = Pods_TaleOMeter.framework; sourceTree = BUILT_PRODUCTS_DIR; };
		6353708527BA26CF000A144E /* LoginViewController.swift */ = {isa = PBXFileReference; lastKnownFileType = sourcecode.swift; path = LoginViewController.swift; sourceTree = "<group>"; };
		6353708727BA271F000A144E /* Auth.storyboard */ = {isa = PBXFileReference; lastKnownFileType = file.storyboard; path = Auth.storyboard; sourceTree = "<group>"; };
		6358430927B7AED90055DE7E /* TaleOMeter.app */ = {isa = PBXFileReference; explicitFileType = wrapper.application; includeInIndex = 0; path = TaleOMeter.app; sourceTree = BUILT_PRODUCTS_DIR; };
		6358430C27B7AED90055DE7E /* AppDelegate.swift */ = {isa = PBXFileReference; lastKnownFileType = sourcecode.swift; path = AppDelegate.swift; sourceTree = "<group>"; };
		6358430E27B7AED90055DE7E /* SceneDelegate.swift */ = {isa = PBXFileReference; lastKnownFileType = sourcecode.swift; path = SceneDelegate.swift; sourceTree = "<group>"; };
		6358431027B7AED90055DE7E /* MainViewController.swift */ = {isa = PBXFileReference; lastKnownFileType = sourcecode.swift; path = MainViewController.swift; sourceTree = "<group>"; };
		6358431327B7AED90055DE7E /* Base */ = {isa = PBXFileReference; lastKnownFileType = file.storyboard; name = Base; path = Base.lproj/Main.storyboard; sourceTree = "<group>"; };
		6358431527B7AEDB0055DE7E /* Assets.xcassets */ = {isa = PBXFileReference; lastKnownFileType = folder.assetcatalog; path = Assets.xcassets; sourceTree = "<group>"; };
		6358431827B7AEDB0055DE7E /* Base */ = {isa = PBXFileReference; lastKnownFileType = file.storyboard; name = Base; path = Base.lproj/LaunchScreen.storyboard; sourceTree = "<group>"; };
		6358431A27B7AEDB0055DE7E /* Info.plist */ = {isa = PBXFileReference; lastKnownFileType = text.plist.xml; path = Info.plist; sourceTree = "<group>"; };
		6358431F27B7AEDB0055DE7E /* TaleOMeterTests.xctest */ = {isa = PBXFileReference; explicitFileType = wrapper.cfbundle; includeInIndex = 0; path = TaleOMeterTests.xctest; sourceTree = BUILT_PRODUCTS_DIR; };
		6358432327B7AEDB0055DE7E /* TaleOMeterTests.swift */ = {isa = PBXFileReference; lastKnownFileType = sourcecode.swift; path = TaleOMeterTests.swift; sourceTree = "<group>"; };
		6358432927B7AEDB0055DE7E /* TaleOMeterUITests.xctest */ = {isa = PBXFileReference; explicitFileType = wrapper.cfbundle; includeInIndex = 0; path = TaleOMeterUITests.xctest; sourceTree = BUILT_PRODUCTS_DIR; };
		6358432D27B7AEDB0055DE7E /* TaleOMeterUITests.swift */ = {isa = PBXFileReference; lastKnownFileType = sourcecode.swift; path = TaleOMeterUITests.swift; sourceTree = "<group>"; };
		6358432F27B7AEDB0055DE7E /* TaleOMeterUITestsLaunchTests.swift */ = {isa = PBXFileReference; lastKnownFileType = sourcecode.swift; path = TaleOMeterUITestsLaunchTests.swift; sourceTree = "<group>"; };
		6358433E27B7B7C80055DE7E /* SideMenu.storyboard */ = {isa = PBXFileReference; lastKnownFileType = file.storyboard; path = SideMenu.storyboard; sourceTree = "<group>"; };
		6358434E27B7BA980055DE7E /* RightViewController.swift */ = {isa = PBXFileReference; lastKnownFileType = sourcecode.swift; path = RightViewController.swift; sourceTree = "<group>"; };
		6358435027B7BDE30055DE7E /* RightViewCell.swift */ = {isa = PBXFileReference; fileEncoding = 4; lastKnownFileType = sourcecode.swift; path = RightViewCell.swift; sourceTree = "<group>"; };
		6358435227B7BE200055DE7E /* RightViewCellBackgroundView.swift */ = {isa = PBXFileReference; fileEncoding = 4; lastKnownFileType = sourcecode.swift; path = RightViewCellBackgroundView.swift; sourceTree = "<group>"; };
		6358435427B7BE970055DE7E /* Helper.swift */ = {isa = PBXFileReference; fileEncoding = 4; lastKnownFileType = sourcecode.swift; path = Helper.swift; sourceTree = "<group>"; };
		6358435627B7C42C0055DE7E /* Constants.swift */ = {isa = PBXFileReference; lastKnownFileType = sourcecode.swift; path = Constants.swift; sourceTree = "<group>"; };
		6358435927B7C5EA0055DE7E /* LaunchViewController.swift */ = {isa = PBXFileReference; lastKnownFileType = sourcecode.swift; path = LaunchViewController.swift; sourceTree = "<group>"; };
		6358435C27B7C9EC0055DE7E /* DashboardViewController.swift */ = {isa = PBXFileReference; lastKnownFileType = sourcecode.swift; path = DashboardViewController.swift; sourceTree = "<group>"; };
		6358435F27B7CFC60055DE7E /* Media.xcassets */ = {isa = PBXFileReference; lastKnownFileType = folder.assetcatalog; path = Media.xcassets; sourceTree = "<group>"; };
		6358436127B7D3780055DE7E /* splash_anim_new.gif */ = {isa = PBXFileReference; lastKnownFileType = image.gif; path = splash_anim_new.gif; sourceTree = "<group>"; };
		6361178F27BA34CF000C1749 /* VerificationViewController.swift */ = {isa = PBXFileReference; fileEncoding = 4; lastKnownFileType = sourcecode.swift; path = VerificationViewController.swift; sourceTree = "<group>"; };
		6361179027BA34CF000C1749 /* RegisterViewController.swift */ = {isa = PBXFileReference; fileEncoding = 4; lastKnownFileType = sourcecode.swift; path = RegisterViewController.swift; sourceTree = "<group>"; };
		6361179327BA553B000C1749 /* CountryViewController.swift */ = {isa = PBXFileReference; lastKnownFileType = sourcecode.swift; path = CountryViewController.swift; sourceTree = "<group>"; };
		6361179627BA5814000C1749 /* Country.swift */ = {isa = PBXFileReference; lastKnownFileType = sourcecode.swift; path = Country.swift; sourceTree = "<group>"; };
		6361179927BA685F000C1749 /* UIColor+Extension.swift */ = {isa = PBXFileReference; lastKnownFileType = sourcecode.swift; path = "UIColor+Extension.swift"; sourceTree = "<group>"; };
		6361179F27BA68D6000C1749 /* String+Extension.swift */ = {isa = PBXFileReference; lastKnownFileType = sourcecode.swift; path = "String+Extension.swift"; sourceTree = "<group>"; };
		636117A127BA68ED000C1749 /* NSLocale+Extension.swift */ = {isa = PBXFileReference; lastKnownFileType = sourcecode.swift; path = "NSLocale+Extension.swift"; sourceTree = "<group>"; };
		636117A327BA75FB000C1749 /* UIViewController+Extension.swift */ = {isa = PBXFileReference; lastKnownFileType = sourcecode.swift; path = "UIViewController+Extension.swift"; sourceTree = "<group>"; };
		63D5A6E5D579EC195493DA50 /* Pods-TaleOMeter.debug.xcconfig */ = {isa = PBXFileReference; includeInIndex = 1; lastKnownFileType = text.xcconfig; name = "Pods-TaleOMeter.debug.xcconfig"; path = "Target Support Files/Pods-TaleOMeter/Pods-TaleOMeter.debug.xcconfig"; sourceTree = "<group>"; };
		6D82862AB4C1990C0D8AF1C1 /* Pods_TaleOMeter_TaleOMeterUITests.framework */ = {isa = PBXFileReference; explicitFileType = wrapper.framework; includeInIndex = 0; path = Pods_TaleOMeter_TaleOMeterUITests.framework; sourceTree = BUILT_PRODUCTS_DIR; };
		7533486D34A0D1A1D22E1D4A /* Pods-TaleOMeter-TaleOMeterUITests.debug.xcconfig */ = {isa = PBXFileReference; includeInIndex = 1; lastKnownFileType = text.xcconfig; name = "Pods-TaleOMeter-TaleOMeterUITests.debug.xcconfig"; path = "Target Support Files/Pods-TaleOMeter-TaleOMeterUITests/Pods-TaleOMeter-TaleOMeterUITests.debug.xcconfig"; sourceTree = "<group>"; };
		7B3467242CC591929269E9FF /* Pods-TaleOMeter-TaleOMeterUITests.release.xcconfig */ = {isa = PBXFileReference; includeInIndex = 1; lastKnownFileType = text.xcconfig; name = "Pods-TaleOMeter-TaleOMeterUITests.release.xcconfig"; path = "Target Support Files/Pods-TaleOMeter-TaleOMeterUITests/Pods-TaleOMeter-TaleOMeterUITests.release.xcconfig"; sourceTree = "<group>"; };
		BDFE8EB0EFC0C053C31AA93D /* Pods_TaleOMeterTests.framework */ = {isa = PBXFileReference; explicitFileType = wrapper.framework; includeInIndex = 0; path = Pods_TaleOMeterTests.framework; sourceTree = BUILT_PRODUCTS_DIR; };
		D44923C42A208A3FEB114148 /* Pods-TaleOMeterTests.release.xcconfig */ = {isa = PBXFileReference; includeInIndex = 1; lastKnownFileType = text.xcconfig; name = "Pods-TaleOMeterTests.release.xcconfig"; path = "Target Support Files/Pods-TaleOMeterTests/Pods-TaleOMeterTests.release.xcconfig"; sourceTree = "<group>"; };
		FE5130D6420ECD01FF34E3AE /* Pods-TaleOMeter.release.xcconfig */ = {isa = PBXFileReference; includeInIndex = 1; lastKnownFileType = text.xcconfig; name = "Pods-TaleOMeter.release.xcconfig"; path = "Target Support Files/Pods-TaleOMeter/Pods-TaleOMeter.release.xcconfig"; sourceTree = "<group>"; };
/* End PBXFileReference section */

/* Begin PBXFrameworksBuildPhase section */
		6358430627B7AED90055DE7E /* Frameworks */ = {
			isa = PBXFrameworksBuildPhase;
			buildActionMask = 2147483647;
			files = (
				76AD30E196281466F1D06E7F /* Pods_TaleOMeter.framework in Frameworks */,
			);
			runOnlyForDeploymentPostprocessing = 0;
		};
		6358431C27B7AEDB0055DE7E /* Frameworks */ = {
			isa = PBXFrameworksBuildPhase;
			buildActionMask = 2147483647;
			files = (
				1EB7394245B5AE4F8F90D710 /* Pods_TaleOMeterTests.framework in Frameworks */,
			);
			runOnlyForDeploymentPostprocessing = 0;
		};
		6358432627B7AEDB0055DE7E /* Frameworks */ = {
			isa = PBXFrameworksBuildPhase;
			buildActionMask = 2147483647;
			files = (
				60120E3812776E7A28A059E0 /* Pods_TaleOMeter_TaleOMeterUITests.framework in Frameworks */,
			);
			runOnlyForDeploymentPostprocessing = 0;
		};
/* End PBXFrameworksBuildPhase section */

/* Begin PBXGroup section */
		6353708327BA26A2000A144E /* Authentication */ = {
			isa = PBXGroup;
			children = (
				6361179C27BA688C000C1749 /* Other */,
				6361179E27BA68AB000C1749 /* Verification */,
				6361179B27BA687E000C1749 /* Register */,
				6353708427BA26B9000A144E /* Login */,
			);
			path = Authentication;
			sourceTree = "<group>";
		};
		6353708427BA26B9000A144E /* Login */ = {
			isa = PBXGroup;
			children = (
				6353708527BA26CF000A144E /* LoginViewController.swift */,
			);
			path = Login;
			sourceTree = "<group>";
		};
		6358430027B7AED90055DE7E = {
			isa = PBXGroup;
			children = (
				6358430B27B7AED90055DE7E /* TaleOMeter */,
				6358432227B7AEDB0055DE7E /* TaleOMeterTests */,
				6358432C27B7AEDB0055DE7E /* TaleOMeterUITests */,
				6358430A27B7AED90055DE7E /* Products */,
				A9C969C7DE9055AD58F074B4 /* Pods */,
				75062CC8DCEEDB60118FBB8B /* Frameworks */,
			);
			sourceTree = "<group>";
		};
		6358430A27B7AED90055DE7E /* Products */ = {
			isa = PBXGroup;
			children = (
				6358430927B7AED90055DE7E /* TaleOMeter.app */,
				6358431F27B7AEDB0055DE7E /* TaleOMeterTests.xctest */,
				6358432927B7AEDB0055DE7E /* TaleOMeterUITests.xctest */,
			);
			name = Products;
			sourceTree = "<group>";
		};
		6358430B27B7AED90055DE7E /* TaleOMeter */ = {
			isa = PBXGroup;
			children = (
				6358435E27B7CF9C0055DE7E /* Assets */,
				6358434327B7B8050055DE7E /* _Delegate */,
				6358434227B7B7E70055DE7E /* Controller */,
				6358434127B7B7DF0055DE7E /* Storyboard */,
				6358434027B7B7D60055DE7E /* Model */,
				6358431A27B7AEDB0055DE7E /* Info.plist */,
			);
			path = TaleOMeter;
			sourceTree = "<group>";
		};
		6358432227B7AEDB0055DE7E /* TaleOMeterTests */ = {
			isa = PBXGroup;
			children = (
				6358432327B7AEDB0055DE7E /* TaleOMeterTests.swift */,
			);
			path = TaleOMeterTests;
			sourceTree = "<group>";
		};
		6358432C27B7AEDB0055DE7E /* TaleOMeterUITests */ = {
			isa = PBXGroup;
			children = (
				6358432D27B7AEDB0055DE7E /* TaleOMeterUITests.swift */,
				6358432F27B7AEDB0055DE7E /* TaleOMeterUITestsLaunchTests.swift */,
			);
			path = TaleOMeterUITests;
			sourceTree = "<group>";
		};
		6358434027B7B7D60055DE7E /* Model */ = {
			isa = PBXGroup;
			children = (
				6361179527BA5802000C1749 /* Country */,
			);
			path = Model;
			sourceTree = "<group>";
		};
		6358434127B7B7DF0055DE7E /* Storyboard */ = {
			isa = PBXGroup;
			children = (
				6358431227B7AED90055DE7E /* Main.storyboard */,
				6358433E27B7B7C80055DE7E /* SideMenu.storyboard */,
				6358431727B7AEDB0055DE7E /* LaunchScreen.storyboard */,
				6353708727BA271F000A144E /* Auth.storyboard */,
			);
			path = Storyboard;
			sourceTree = "<group>";
		};
		6358434227B7B7E70055DE7E /* Controller */ = {
			isa = PBXGroup;
			children = (
				6353708327BA26A2000A144E /* Authentication */,
				6358435B27B7C9DC0055DE7E /* Dashboard */,
				6358435827B7C5D60055DE7E /* Launch */,
				6358434427B7B8130055DE7E /* SideMenu */,
			);
			path = Controller;
			sourceTree = "<group>";
		};
		6358434327B7B8050055DE7E /* _Delegate */ = {
			isa = PBXGroup;
			children = (
				6361179827BA6833000C1749 /* Extension */,
				6358435427B7BE970055DE7E /* Helper.swift */,
				6358430C27B7AED90055DE7E /* AppDelegate.swift */,
				6358430E27B7AED90055DE7E /* SceneDelegate.swift */,
				6358435627B7C42C0055DE7E /* Constants.swift */,
			);
			path = _Delegate;
			sourceTree = "<group>";
		};
		6358434427B7B8130055DE7E /* SideMenu */ = {
			isa = PBXGroup;
			children = (
				6358434727B7B8F70055DE7E /* RightMenuController */,
				6358431027B7AED90055DE7E /* MainViewController.swift */,
			);
			path = SideMenu;
			sourceTree = "<group>";
		};
		6358434727B7B8F70055DE7E /* RightMenuController */ = {
			isa = PBXGroup;
			children = (
				6358435227B7BE200055DE7E /* RightViewCellBackgroundView.swift */,
				6358435027B7BDE30055DE7E /* RightViewCell.swift */,
				6358434E27B7BA980055DE7E /* RightViewController.swift */,
			);
			path = RightMenuController;
			sourceTree = "<group>";
		};
		6358435827B7C5D60055DE7E /* Launch */ = {
			isa = PBXGroup;
			children = (
				6358435927B7C5EA0055DE7E /* LaunchViewController.swift */,
			);
			path = Launch;
			sourceTree = "<group>";
		};
		6358435B27B7C9DC0055DE7E /* Dashboard */ = {
			isa = PBXGroup;
			children = (
				6358435C27B7C9EC0055DE7E /* DashboardViewController.swift */,
			);
			path = Dashboard;
			sourceTree = "<group>";
		};
		6358435E27B7CF9C0055DE7E /* Assets */ = {
			isa = PBXGroup;
			children = (
				6358436127B7D3780055DE7E /* splash_anim_new.gif */,
				6358431527B7AEDB0055DE7E /* Assets.xcassets */,
				6358435F27B7CFC60055DE7E /* Media.xcassets */,
			);
			path = Assets;
			sourceTree = "<group>";
		};
		6361179527BA5802000C1749 /* Country */ = {
			isa = PBXGroup;
			children = (
				6361179627BA5814000C1749 /* Country.swift */,
			);
			path = Country;
			sourceTree = "<group>";
		};
		6361179827BA6833000C1749 /* Extension */ = {
			isa = PBXGroup;
			children = (
				6361179927BA685F000C1749 /* UIColor+Extension.swift */,
				6361179F27BA68D6000C1749 /* String+Extension.swift */,
				636117A127BA68ED000C1749 /* NSLocale+Extension.swift */,
				636117A327BA75FB000C1749 /* UIViewController+Extension.swift */,
			);
			path = Extension;
			sourceTree = "<group>";
		};
		6361179B27BA687E000C1749 /* Register */ = {
			isa = PBXGroup;
			children = (
				6361179027BA34CF000C1749 /* RegisterViewController.swift */,
			);
			path = Register;
			sourceTree = "<group>";
		};
		6361179C27BA688C000C1749 /* Other */ = {
			isa = PBXGroup;
			children = (
				6361179327BA553B000C1749 /* CountryViewController.swift */,
			);
			path = Other;
			sourceTree = "<group>";
		};
		6361179E27BA68AB000C1749 /* Verification */ = {
			isa = PBXGroup;
			children = (
				6361178F27BA34CF000C1749 /* VerificationViewController.swift */,
			);
			path = Verification;
			sourceTree = "<group>";
		};
		75062CC8DCEEDB60118FBB8B /* Frameworks */ = {
			isa = PBXGroup;
			children = (
				385B567CEA63B2BFA522B333 /* Pods_TaleOMeter.framework */,
				6D82862AB4C1990C0D8AF1C1 /* Pods_TaleOMeter_TaleOMeterUITests.framework */,
				BDFE8EB0EFC0C053C31AA93D /* Pods_TaleOMeterTests.framework */,
			);
			name = Frameworks;
			sourceTree = "<group>";
		};
		A9C969C7DE9055AD58F074B4 /* Pods */ = {
			isa = PBXGroup;
			children = (
				63D5A6E5D579EC195493DA50 /* Pods-TaleOMeter.debug.xcconfig */,
				FE5130D6420ECD01FF34E3AE /* Pods-TaleOMeter.release.xcconfig */,
				7533486D34A0D1A1D22E1D4A /* Pods-TaleOMeter-TaleOMeterUITests.debug.xcconfig */,
				7B3467242CC591929269E9FF /* Pods-TaleOMeter-TaleOMeterUITests.release.xcconfig */,
				1BD58E8CF381A51C9E217D0F /* Pods-TaleOMeterTests.debug.xcconfig */,
				D44923C42A208A3FEB114148 /* Pods-TaleOMeterTests.release.xcconfig */,
			);
			path = Pods;
			sourceTree = "<group>";
		};
/* End PBXGroup section */

/* Begin PBXNativeTarget section */
		6358430827B7AED90055DE7E /* TaleOMeter */ = {
			isa = PBXNativeTarget;
			buildConfigurationList = 6358433327B7AEDB0055DE7E /* Build configuration list for PBXNativeTarget "TaleOMeter" */;
			buildPhases = (
				8017CE1E22B68ED12C3960D4 /* [CP] Check Pods Manifest.lock */,
				6358430527B7AED90055DE7E /* Sources */,
				6358430627B7AED90055DE7E /* Frameworks */,
				6358430727B7AED90055DE7E /* Resources */,
				598CCD83B12CFB9173AE0A09 /* [CP] Embed Pods Frameworks */,
			);
			buildRules = (
			);
			dependencies = (
			);
			name = TaleOMeter;
			productName = TaleOMeter;
			productReference = 6358430927B7AED90055DE7E /* TaleOMeter.app */;
			productType = "com.apple.product-type.application";
		};
		6358431E27B7AEDB0055DE7E /* TaleOMeterTests */ = {
			isa = PBXNativeTarget;
			buildConfigurationList = 6358433627B7AEDB0055DE7E /* Build configuration list for PBXNativeTarget "TaleOMeterTests" */;
			buildPhases = (
				DE3E4B54FB84C9F5E5186BF7 /* [CP] Check Pods Manifest.lock */,
				6358431B27B7AEDB0055DE7E /* Sources */,
				6358431C27B7AEDB0055DE7E /* Frameworks */,
				6358431D27B7AEDB0055DE7E /* Resources */,
			);
			buildRules = (
			);
			dependencies = (
				6358432127B7AEDB0055DE7E /* PBXTargetDependency */,
			);
			name = TaleOMeterTests;
			productName = TaleOMeterTests;
			productReference = 6358431F27B7AEDB0055DE7E /* TaleOMeterTests.xctest */;
			productType = "com.apple.product-type.bundle.unit-test";
		};
		6358432827B7AEDB0055DE7E /* TaleOMeterUITests */ = {
			isa = PBXNativeTarget;
			buildConfigurationList = 6358433927B7AEDB0055DE7E /* Build configuration list for PBXNativeTarget "TaleOMeterUITests" */;
			buildPhases = (
				9253D64CD0941C3E80F14E3D /* [CP] Check Pods Manifest.lock */,
				6358432527B7AEDB0055DE7E /* Sources */,
				6358432627B7AEDB0055DE7E /* Frameworks */,
				6358432727B7AEDB0055DE7E /* Resources */,
				47AD0C2AA026C124994953E7 /* [CP] Embed Pods Frameworks */,
			);
			buildRules = (
			);
			dependencies = (
				6358432B27B7AEDB0055DE7E /* PBXTargetDependency */,
			);
			name = TaleOMeterUITests;
			productName = TaleOMeterUITests;
			productReference = 6358432927B7AEDB0055DE7E /* TaleOMeterUITests.xctest */;
			productType = "com.apple.product-type.bundle.ui-testing";
		};
/* End PBXNativeTarget section */

/* Begin PBXProject section */
		6358430127B7AED90055DE7E /* Project object */ = {
			isa = PBXProject;
			attributes = {
				BuildIndependentTargetsInParallel = 1;
				LastSwiftUpdateCheck = 1320;
				LastUpgradeCheck = 1320;
				TargetAttributes = {
					6358430827B7AED90055DE7E = {
						CreatedOnToolsVersion = 13.2.1;
					};
					6358431E27B7AEDB0055DE7E = {
						CreatedOnToolsVersion = 13.2.1;
						TestTargetID = 6358430827B7AED90055DE7E;
					};
					6358432827B7AEDB0055DE7E = {
						CreatedOnToolsVersion = 13.2.1;
						TestTargetID = 6358430827B7AED90055DE7E;
					};
				};
			};
			buildConfigurationList = 6358430427B7AED90055DE7E /* Build configuration list for PBXProject "TaleOMeter" */;
			compatibilityVersion = "Xcode 13.0";
			developmentRegion = en;
			hasScannedForEncodings = 0;
			knownRegions = (
				en,
				Base,
			);
			mainGroup = 6358430027B7AED90055DE7E;
			productRefGroup = 6358430A27B7AED90055DE7E /* Products */;
			projectDirPath = "";
			projectRoot = "";
			targets = (
				6358430827B7AED90055DE7E /* TaleOMeter */,
				6358431E27B7AEDB0055DE7E /* TaleOMeterTests */,
				6358432827B7AEDB0055DE7E /* TaleOMeterUITests */,
			);
		};
/* End PBXProject section */

/* Begin PBXResourcesBuildPhase section */
		6358430727B7AED90055DE7E /* Resources */ = {
			isa = PBXResourcesBuildPhase;
			buildActionMask = 2147483647;
			files = (
				6358436027B7CFC60055DE7E /* Media.xcassets in Resources */,
				6358433F27B7B7C80055DE7E /* SideMenu.storyboard in Resources */,
				6358431927B7AEDB0055DE7E /* LaunchScreen.storyboard in Resources */,
				6358436227B7D3780055DE7E /* splash_anim_new.gif in Resources */,
				6358431627B7AEDB0055DE7E /* Assets.xcassets in Resources */,
				6358431427B7AED90055DE7E /* Main.storyboard in Resources */,
				6353708827BA271F000A144E /* Auth.storyboard in Resources */,
			);
			runOnlyForDeploymentPostprocessing = 0;
		};
		6358431D27B7AEDB0055DE7E /* Resources */ = {
			isa = PBXResourcesBuildPhase;
			buildActionMask = 2147483647;
			files = (
			);
			runOnlyForDeploymentPostprocessing = 0;
		};
		6358432727B7AEDB0055DE7E /* Resources */ = {
			isa = PBXResourcesBuildPhase;
			buildActionMask = 2147483647;
			files = (
			);
			runOnlyForDeploymentPostprocessing = 0;
		};
/* End PBXResourcesBuildPhase section */

/* Begin PBXShellScriptBuildPhase section */
		47AD0C2AA026C124994953E7 /* [CP] Embed Pods Frameworks */ = {
			isa = PBXShellScriptBuildPhase;
			buildActionMask = 2147483647;
			files = (
			);
			inputFileListPaths = (
				"${PODS_ROOT}/Target Support Files/Pods-TaleOMeter-TaleOMeterUITests/Pods-TaleOMeter-TaleOMeterUITests-frameworks-${CONFIGURATION}-input-files.xcfilelist",
			);
			name = "[CP] Embed Pods Frameworks";
			outputFileListPaths = (
				"${PODS_ROOT}/Target Support Files/Pods-TaleOMeter-TaleOMeterUITests/Pods-TaleOMeter-TaleOMeterUITests-frameworks-${CONFIGURATION}-output-files.xcfilelist",
			);
			runOnlyForDeploymentPostprocessing = 0;
			shellPath = /bin/sh;
			shellScript = "\"${PODS_ROOT}/Target Support Files/Pods-TaleOMeter-TaleOMeterUITests/Pods-TaleOMeter-TaleOMeterUITests-frameworks.sh\"\n";
			showEnvVarsInLog = 0;
		};
		598CCD83B12CFB9173AE0A09 /* [CP] Embed Pods Frameworks */ = {
			isa = PBXShellScriptBuildPhase;
			buildActionMask = 2147483647;
			files = (
			);
			inputFileListPaths = (
				"${PODS_ROOT}/Target Support Files/Pods-TaleOMeter/Pods-TaleOMeter-frameworks-${CONFIGURATION}-input-files.xcfilelist",
			);
			name = "[CP] Embed Pods Frameworks";
			outputFileListPaths = (
				"${PODS_ROOT}/Target Support Files/Pods-TaleOMeter/Pods-TaleOMeter-frameworks-${CONFIGURATION}-output-files.xcfilelist",
			);
			runOnlyForDeploymentPostprocessing = 0;
			shellPath = /bin/sh;
			shellScript = "\"${PODS_ROOT}/Target Support Files/Pods-TaleOMeter/Pods-TaleOMeter-frameworks.sh\"\n";
			showEnvVarsInLog = 0;
		};
		8017CE1E22B68ED12C3960D4 /* [CP] Check Pods Manifest.lock */ = {
			isa = PBXShellScriptBuildPhase;
			buildActionMask = 2147483647;
			files = (
			);
			inputFileListPaths = (
			);
			inputPaths = (
				"${PODS_PODFILE_DIR_PATH}/Podfile.lock",
				"${PODS_ROOT}/Manifest.lock",
			);
			name = "[CP] Check Pods Manifest.lock";
			outputFileListPaths = (
			);
			outputPaths = (
				"$(DERIVED_FILE_DIR)/Pods-TaleOMeter-checkManifestLockResult.txt",
			);
			runOnlyForDeploymentPostprocessing = 0;
			shellPath = /bin/sh;
			shellScript = "diff \"${PODS_PODFILE_DIR_PATH}/Podfile.lock\" \"${PODS_ROOT}/Manifest.lock\" > /dev/null\nif [ $? != 0 ] ; then\n    # print error to STDERR\n    echo \"error: The sandbox is not in sync with the Podfile.lock. Run 'pod install' or update your CocoaPods installation.\" >&2\n    exit 1\nfi\n# This output is used by Xcode 'outputs' to avoid re-running this script phase.\necho \"SUCCESS\" > \"${SCRIPT_OUTPUT_FILE_0}\"\n";
			showEnvVarsInLog = 0;
		};
		9253D64CD0941C3E80F14E3D /* [CP] Check Pods Manifest.lock */ = {
			isa = PBXShellScriptBuildPhase;
			buildActionMask = 2147483647;
			files = (
			);
			inputFileListPaths = (
			);
			inputPaths = (
				"${PODS_PODFILE_DIR_PATH}/Podfile.lock",
				"${PODS_ROOT}/Manifest.lock",
			);
			name = "[CP] Check Pods Manifest.lock";
			outputFileListPaths = (
			);
			outputPaths = (
				"$(DERIVED_FILE_DIR)/Pods-TaleOMeter-TaleOMeterUITests-checkManifestLockResult.txt",
			);
			runOnlyForDeploymentPostprocessing = 0;
			shellPath = /bin/sh;
			shellScript = "diff \"${PODS_PODFILE_DIR_PATH}/Podfile.lock\" \"${PODS_ROOT}/Manifest.lock\" > /dev/null\nif [ $? != 0 ] ; then\n    # print error to STDERR\n    echo \"error: The sandbox is not in sync with the Podfile.lock. Run 'pod install' or update your CocoaPods installation.\" >&2\n    exit 1\nfi\n# This output is used by Xcode 'outputs' to avoid re-running this script phase.\necho \"SUCCESS\" > \"${SCRIPT_OUTPUT_FILE_0}\"\n";
			showEnvVarsInLog = 0;
		};
		DE3E4B54FB84C9F5E5186BF7 /* [CP] Check Pods Manifest.lock */ = {
			isa = PBXShellScriptBuildPhase;
			buildActionMask = 2147483647;
			files = (
			);
			inputFileListPaths = (
			);
			inputPaths = (
				"${PODS_PODFILE_DIR_PATH}/Podfile.lock",
				"${PODS_ROOT}/Manifest.lock",
			);
			name = "[CP] Check Pods Manifest.lock";
			outputFileListPaths = (
			);
			outputPaths = (
				"$(DERIVED_FILE_DIR)/Pods-TaleOMeterTests-checkManifestLockResult.txt",
			);
			runOnlyForDeploymentPostprocessing = 0;
			shellPath = /bin/sh;
			shellScript = "diff \"${PODS_PODFILE_DIR_PATH}/Podfile.lock\" \"${PODS_ROOT}/Manifest.lock\" > /dev/null\nif [ $? != 0 ] ; then\n    # print error to STDERR\n    echo \"error: The sandbox is not in sync with the Podfile.lock. Run 'pod install' or update your CocoaPods installation.\" >&2\n    exit 1\nfi\n# This output is used by Xcode 'outputs' to avoid re-running this script phase.\necho \"SUCCESS\" > \"${SCRIPT_OUTPUT_FILE_0}\"\n";
			showEnvVarsInLog = 0;
		};
/* End PBXShellScriptBuildPhase section */

/* Begin PBXSourcesBuildPhase section */
		6358430527B7AED90055DE7E /* Sources */ = {
			isa = PBXSourcesBuildPhase;
			buildActionMask = 2147483647;
			files = (
				6358435327B7BE200055DE7E /* RightViewCellBackgroundView.swift in Sources */,
				6358435527B7BE970055DE7E /* Helper.swift in Sources */,
				6358431127B7AED90055DE7E /* MainViewController.swift in Sources */,
				6358434F27B7BA980055DE7E /* RightViewController.swift in Sources */,
				6358430D27B7AED90055DE7E /* AppDelegate.swift in Sources */,
				6358430F27B7AED90055DE7E /* SceneDelegate.swift in Sources */,
				636117A227BA68ED000C1749 /* NSLocale+Extension.swift in Sources */,
				6361179127BA34CF000C1749 /* VerificationViewController.swift in Sources */,
				636117A427BA75FB000C1749 /* UIViewController+Extension.swift in Sources */,
				6361179A27BA685F000C1749 /* UIColor+Extension.swift in Sources */,
				636117A027BA68D6000C1749 /* String+Extension.swift in Sources */,
				6358435127B7BDE30055DE7E /* RightViewCell.swift in Sources */,
				6358435D27B7C9EC0055DE7E /* DashboardViewController.swift in Sources */,
				6358435A27B7C5EA0055DE7E /* LaunchViewController.swift in Sources */,
				6361179227BA34CF000C1749 /* RegisterViewController.swift in Sources */,
				6361179427BA553B000C1749 /* CountryViewController.swift in Sources */,
				6358435727B7C42C0055DE7E /* Constants.swift in Sources */,
				6361179727BA5814000C1749 /* Country.swift in Sources */,
				6353708627BA26CF000A144E /* LoginViewController.swift in Sources */,
			);
			runOnlyForDeploymentPostprocessing = 0;
		};
		6358431B27B7AEDB0055DE7E /* Sources */ = {
			isa = PBXSourcesBuildPhase;
			buildActionMask = 2147483647;
			files = (
				6358432427B7AEDB0055DE7E /* TaleOMeterTests.swift in Sources */,
			);
			runOnlyForDeploymentPostprocessing = 0;
		};
		6358432527B7AEDB0055DE7E /* Sources */ = {
			isa = PBXSourcesBuildPhase;
			buildActionMask = 2147483647;
			files = (
				6358433027B7AEDB0055DE7E /* TaleOMeterUITestsLaunchTests.swift in Sources */,
				6358432E27B7AEDB0055DE7E /* TaleOMeterUITests.swift in Sources */,
			);
			runOnlyForDeploymentPostprocessing = 0;
		};
/* End PBXSourcesBuildPhase section */

/* Begin PBXTargetDependency section */
		6358432127B7AEDB0055DE7E /* PBXTargetDependency */ = {
			isa = PBXTargetDependency;
			target = 6358430827B7AED90055DE7E /* TaleOMeter */;
			targetProxy = 6358432027B7AEDB0055DE7E /* PBXContainerItemProxy */;
		};
		6358432B27B7AEDB0055DE7E /* PBXTargetDependency */ = {
			isa = PBXTargetDependency;
			target = 6358430827B7AED90055DE7E /* TaleOMeter */;
			targetProxy = 6358432A27B7AEDB0055DE7E /* PBXContainerItemProxy */;
		};
/* End PBXTargetDependency section */

/* Begin PBXVariantGroup section */
		6358431227B7AED90055DE7E /* Main.storyboard */ = {
			isa = PBXVariantGroup;
			children = (
				6358431327B7AED90055DE7E /* Base */,
			);
			name = Main.storyboard;
			sourceTree = "<group>";
		};
		6358431727B7AEDB0055DE7E /* LaunchScreen.storyboard */ = {
			isa = PBXVariantGroup;
			children = (
				6358431827B7AEDB0055DE7E /* Base */,
			);
			name = LaunchScreen.storyboard;
			sourceTree = "<group>";
		};
/* End PBXVariantGroup section */

/* Begin XCBuildConfiguration section */
		6358433127B7AEDB0055DE7E /* Debug */ = {
			isa = XCBuildConfiguration;
			buildSettings = {
				ALWAYS_SEARCH_USER_PATHS = NO;
				CLANG_ANALYZER_NONNULL = YES;
				CLANG_ANALYZER_NUMBER_OBJECT_CONVERSION = YES_AGGRESSIVE;
				CLANG_CXX_LANGUAGE_STANDARD = "gnu++17";
				CLANG_CXX_LIBRARY = "libc++";
				CLANG_ENABLE_MODULES = YES;
				CLANG_ENABLE_OBJC_ARC = YES;
				CLANG_ENABLE_OBJC_WEAK = YES;
				CLANG_WARN_BLOCK_CAPTURE_AUTORELEASING = YES;
				CLANG_WARN_BOOL_CONVERSION = YES;
				CLANG_WARN_COMMA = YES;
				CLANG_WARN_CONSTANT_CONVERSION = YES;
				CLANG_WARN_DEPRECATED_OBJC_IMPLEMENTATIONS = YES;
				CLANG_WARN_DIRECT_OBJC_ISA_USAGE = YES_ERROR;
				CLANG_WARN_DOCUMENTATION_COMMENTS = YES;
				CLANG_WARN_EMPTY_BODY = YES;
				CLANG_WARN_ENUM_CONVERSION = YES;
				CLANG_WARN_INFINITE_RECURSION = YES;
				CLANG_WARN_INT_CONVERSION = YES;
				CLANG_WARN_NON_LITERAL_NULL_CONVERSION = YES;
				CLANG_WARN_OBJC_IMPLICIT_RETAIN_SELF = YES;
				CLANG_WARN_OBJC_LITERAL_CONVERSION = YES;
				CLANG_WARN_OBJC_ROOT_CLASS = YES_ERROR;
				CLANG_WARN_QUOTED_INCLUDE_IN_FRAMEWORK_HEADER = YES;
				CLANG_WARN_RANGE_LOOP_ANALYSIS = YES;
				CLANG_WARN_STRICT_PROTOTYPES = YES;
				CLANG_WARN_SUSPICIOUS_MOVE = YES;
				CLANG_WARN_UNGUARDED_AVAILABILITY = YES_AGGRESSIVE;
				CLANG_WARN_UNREACHABLE_CODE = YES;
				CLANG_WARN__DUPLICATE_METHOD_MATCH = YES;
				COPY_PHASE_STRIP = NO;
				DEBUG_INFORMATION_FORMAT = dwarf;
				ENABLE_STRICT_OBJC_MSGSEND = YES;
				ENABLE_TESTABILITY = YES;
				GCC_C_LANGUAGE_STANDARD = gnu11;
				GCC_DYNAMIC_NO_PIC = NO;
				GCC_NO_COMMON_BLOCKS = YES;
				GCC_OPTIMIZATION_LEVEL = 0;
				GCC_PREPROCESSOR_DEFINITIONS = (
					"DEBUG=1",
					"$(inherited)",
				);
				GCC_WARN_64_TO_32_BIT_CONVERSION = YES;
				GCC_WARN_ABOUT_RETURN_TYPE = YES_ERROR;
				GCC_WARN_UNDECLARED_SELECTOR = YES;
				GCC_WARN_UNINITIALIZED_AUTOS = YES_AGGRESSIVE;
				GCC_WARN_UNUSED_FUNCTION = YES;
				GCC_WARN_UNUSED_VARIABLE = YES;
				IPHONEOS_DEPLOYMENT_TARGET = 15.2;
				MTL_ENABLE_DEBUG_INFO = INCLUDE_SOURCE;
				MTL_FAST_MATH = YES;
				ONLY_ACTIVE_ARCH = YES;
				SDKROOT = iphoneos;
				SWIFT_ACTIVE_COMPILATION_CONDITIONS = DEBUG;
				SWIFT_OPTIMIZATION_LEVEL = "-Onone";
			};
			name = Debug;
		};
		6358433227B7AEDB0055DE7E /* Release */ = {
			isa = XCBuildConfiguration;
			buildSettings = {
				ALWAYS_SEARCH_USER_PATHS = NO;
				CLANG_ANALYZER_NONNULL = YES;
				CLANG_ANALYZER_NUMBER_OBJECT_CONVERSION = YES_AGGRESSIVE;
				CLANG_CXX_LANGUAGE_STANDARD = "gnu++17";
				CLANG_CXX_LIBRARY = "libc++";
				CLANG_ENABLE_MODULES = YES;
				CLANG_ENABLE_OBJC_ARC = YES;
				CLANG_ENABLE_OBJC_WEAK = YES;
				CLANG_WARN_BLOCK_CAPTURE_AUTORELEASING = YES;
				CLANG_WARN_BOOL_CONVERSION = YES;
				CLANG_WARN_COMMA = YES;
				CLANG_WARN_CONSTANT_CONVERSION = YES;
				CLANG_WARN_DEPRECATED_OBJC_IMPLEMENTATIONS = YES;
				CLANG_WARN_DIRECT_OBJC_ISA_USAGE = YES_ERROR;
				CLANG_WARN_DOCUMENTATION_COMMENTS = YES;
				CLANG_WARN_EMPTY_BODY = YES;
				CLANG_WARN_ENUM_CONVERSION = YES;
				CLANG_WARN_INFINITE_RECURSION = YES;
				CLANG_WARN_INT_CONVERSION = YES;
				CLANG_WARN_NON_LITERAL_NULL_CONVERSION = YES;
				CLANG_WARN_OBJC_IMPLICIT_RETAIN_SELF = YES;
				CLANG_WARN_OBJC_LITERAL_CONVERSION = YES;
				CLANG_WARN_OBJC_ROOT_CLASS = YES_ERROR;
				CLANG_WARN_QUOTED_INCLUDE_IN_FRAMEWORK_HEADER = YES;
				CLANG_WARN_RANGE_LOOP_ANALYSIS = YES;
				CLANG_WARN_STRICT_PROTOTYPES = YES;
				CLANG_WARN_SUSPICIOUS_MOVE = YES;
				CLANG_WARN_UNGUARDED_AVAILABILITY = YES_AGGRESSIVE;
				CLANG_WARN_UNREACHABLE_CODE = YES;
				CLANG_WARN__DUPLICATE_METHOD_MATCH = YES;
				COPY_PHASE_STRIP = NO;
				DEBUG_INFORMATION_FORMAT = "dwarf-with-dsym";
				ENABLE_NS_ASSERTIONS = NO;
				ENABLE_STRICT_OBJC_MSGSEND = YES;
				GCC_C_LANGUAGE_STANDARD = gnu11;
				GCC_NO_COMMON_BLOCKS = YES;
				GCC_WARN_64_TO_32_BIT_CONVERSION = YES;
				GCC_WARN_ABOUT_RETURN_TYPE = YES_ERROR;
				GCC_WARN_UNDECLARED_SELECTOR = YES;
				GCC_WARN_UNINITIALIZED_AUTOS = YES_AGGRESSIVE;
				GCC_WARN_UNUSED_FUNCTION = YES;
				GCC_WARN_UNUSED_VARIABLE = YES;
				IPHONEOS_DEPLOYMENT_TARGET = 15.2;
				MTL_ENABLE_DEBUG_INFO = NO;
				MTL_FAST_MATH = YES;
				SDKROOT = iphoneos;
				SWIFT_COMPILATION_MODE = wholemodule;
				SWIFT_OPTIMIZATION_LEVEL = "-O";
				VALIDATE_PRODUCT = YES;
			};
			name = Release;
		};
		6358433427B7AEDB0055DE7E /* Debug */ = {
			isa = XCBuildConfiguration;
			baseConfigurationReference = 63D5A6E5D579EC195493DA50 /* Pods-TaleOMeter.debug.xcconfig */;
			buildSettings = {
				ASSETCATALOG_COMPILER_APPICON_NAME = AppIcon;
				ASSETCATALOG_COMPILER_GLOBAL_ACCENT_COLOR_NAME = AccentColor;
				CODE_SIGN_STYLE = Automatic;
				CURRENT_PROJECT_VERSION = 1;
				GENERATE_INFOPLIST_FILE = YES;
				INFOPLIST_FILE = TaleOMeter/Info.plist;
				INFOPLIST_KEY_UIApplicationSupportsIndirectInputEvents = YES;
				INFOPLIST_KEY_UILaunchStoryboardName = LaunchScreen;
				INFOPLIST_KEY_UIStatusBarHidden = NO;
				INFOPLIST_KEY_UISupportedInterfaceOrientations = "UIInterfaceOrientationPortrait UIInterfaceOrientationPortraitUpsideDown";
				INFOPLIST_KEY_UISupportedInterfaceOrientations_iPad = "UIInterfaceOrientationPortrait UIInterfaceOrientationPortraitUpsideDown UIInterfaceOrientationLandscapeLeft UIInterfaceOrientationLandscapeRight";
				INFOPLIST_KEY_UISupportedInterfaceOrientations_iPhone = "UIInterfaceOrientationPortrait UIInterfaceOrientationLandscapeLeft UIInterfaceOrientationLandscapeRight";
				LD_RUNPATH_SEARCH_PATHS = (
					"$(inherited)",
					"@executable_path/Frameworks",
				);
				MARKETING_VERSION = 1.0;
				PRODUCT_BUNDLE_IDENTIFIER = Codez.TaleOMeter;
				PRODUCT_NAME = "$(TARGET_NAME)";
				SWIFT_EMIT_LOC_STRINGS = YES;
				SWIFT_VERSION = 5.0;
				TARGETED_DEVICE_FAMILY = 1;
			};
			name = Debug;
		};
		6358433527B7AEDB0055DE7E /* Release */ = {
			isa = XCBuildConfiguration;
			baseConfigurationReference = FE5130D6420ECD01FF34E3AE /* Pods-TaleOMeter.release.xcconfig */;
			buildSettings = {
				ASSETCATALOG_COMPILER_APPICON_NAME = AppIcon;
				ASSETCATALOG_COMPILER_GLOBAL_ACCENT_COLOR_NAME = AccentColor;
				CODE_SIGN_STYLE = Automatic;
				CURRENT_PROJECT_VERSION = 1;
				GENERATE_INFOPLIST_FILE = YES;
				INFOPLIST_FILE = TaleOMeter/Info.plist;
				INFOPLIST_KEY_UIApplicationSupportsIndirectInputEvents = YES;
				INFOPLIST_KEY_UILaunchStoryboardName = LaunchScreen;
				INFOPLIST_KEY_UIStatusBarHidden = NO;
				INFOPLIST_KEY_UISupportedInterfaceOrientations = "UIInterfaceOrientationPortrait UIInterfaceOrientationPortraitUpsideDown";
				INFOPLIST_KEY_UISupportedInterfaceOrientations_iPad = "UIInterfaceOrientationPortrait UIInterfaceOrientationPortraitUpsideDown UIInterfaceOrientationLandscapeLeft UIInterfaceOrientationLandscapeRight";
				INFOPLIST_KEY_UISupportedInterfaceOrientations_iPhone = "UIInterfaceOrientationPortrait UIInterfaceOrientationLandscapeLeft UIInterfaceOrientationLandscapeRight";
				LD_RUNPATH_SEARCH_PATHS = (
					"$(inherited)",
					"@executable_path/Frameworks",
				);
				MARKETING_VERSION = 1.0;
				PRODUCT_BUNDLE_IDENTIFIER = Codez.TaleOMeter;
				PRODUCT_NAME = "$(TARGET_NAME)";
				SWIFT_EMIT_LOC_STRINGS = YES;
				SWIFT_VERSION = 5.0;
				TARGETED_DEVICE_FAMILY = 1;
			};
			name = Release;
		};
		6358433727B7AEDB0055DE7E /* Debug */ = {
			isa = XCBuildConfiguration;
			baseConfigurationReference = 1BD58E8CF381A51C9E217D0F /* Pods-TaleOMeterTests.debug.xcconfig */;
			buildSettings = {
				ALWAYS_EMBED_SWIFT_STANDARD_LIBRARIES = YES;
				BUNDLE_LOADER = "$(TEST_HOST)";
				CODE_SIGN_STYLE = Automatic;
				CURRENT_PROJECT_VERSION = 1;
				GENERATE_INFOPLIST_FILE = YES;
				IPHONEOS_DEPLOYMENT_TARGET = 15.2;
				MARKETING_VERSION = 1.0;
				PRODUCT_BUNDLE_IDENTIFIER = Codez.TaleOMeterTests;
				PRODUCT_NAME = "$(TARGET_NAME)";
				SWIFT_EMIT_LOC_STRINGS = NO;
				SWIFT_VERSION = 5.0;
				TARGETED_DEVICE_FAMILY = "1,2";
				TEST_HOST = "$(BUILT_PRODUCTS_DIR)/TaleOMeter.app/TaleOMeter";
			};
			name = Debug;
		};
		6358433827B7AEDB0055DE7E /* Release */ = {
			isa = XCBuildConfiguration;
			baseConfigurationReference = D44923C42A208A3FEB114148 /* Pods-TaleOMeterTests.release.xcconfig */;
			buildSettings = {
				ALWAYS_EMBED_SWIFT_STANDARD_LIBRARIES = YES;
				BUNDLE_LOADER = "$(TEST_HOST)";
				CODE_SIGN_STYLE = Automatic;
				CURRENT_PROJECT_VERSION = 1;
				GENERATE_INFOPLIST_FILE = YES;
				IPHONEOS_DEPLOYMENT_TARGET = 15.2;
				MARKETING_VERSION = 1.0;
				PRODUCT_BUNDLE_IDENTIFIER = Codez.TaleOMeterTests;
				PRODUCT_NAME = "$(TARGET_NAME)";
				SWIFT_EMIT_LOC_STRINGS = NO;
				SWIFT_VERSION = 5.0;
				TARGETED_DEVICE_FAMILY = "1,2";
				TEST_HOST = "$(BUILT_PRODUCTS_DIR)/TaleOMeter.app/TaleOMeter";
			};
			name = Release;
		};
		6358433A27B7AEDB0055DE7E /* Debug */ = {
			isa = XCBuildConfiguration;
			baseConfigurationReference = 7533486D34A0D1A1D22E1D4A /* Pods-TaleOMeter-TaleOMeterUITests.debug.xcconfig */;
			buildSettings = {
				ALWAYS_EMBED_SWIFT_STANDARD_LIBRARIES = YES;
				CODE_SIGN_STYLE = Automatic;
				CURRENT_PROJECT_VERSION = 1;
				GENERATE_INFOPLIST_FILE = YES;
				MARKETING_VERSION = 1.0;
				PRODUCT_BUNDLE_IDENTIFIER = Codez.TaleOMeterUITests;
				PRODUCT_NAME = "$(TARGET_NAME)";
				SWIFT_EMIT_LOC_STRINGS = NO;
				SWIFT_VERSION = 5.0;
				TARGETED_DEVICE_FAMILY = "1,2";
				TEST_TARGET_NAME = TaleOMeter;
			};
			name = Debug;
		};
		6358433B27B7AEDB0055DE7E /* Release */ = {
			isa = XCBuildConfiguration;
			baseConfigurationReference = 7B3467242CC591929269E9FF /* Pods-TaleOMeter-TaleOMeterUITests.release.xcconfig */;
			buildSettings = {
				ALWAYS_EMBED_SWIFT_STANDARD_LIBRARIES = YES;
				CODE_SIGN_STYLE = Automatic;
				CURRENT_PROJECT_VERSION = 1;
				GENERATE_INFOPLIST_FILE = YES;
				MARKETING_VERSION = 1.0;
				PRODUCT_BUNDLE_IDENTIFIER = Codez.TaleOMeterUITests;
				PRODUCT_NAME = "$(TARGET_NAME)";
				SWIFT_EMIT_LOC_STRINGS = NO;
				SWIFT_VERSION = 5.0;
				TARGETED_DEVICE_FAMILY = "1,2";
				TEST_TARGET_NAME = TaleOMeter;
			};
			name = Release;
		};
/* End XCBuildConfiguration section */

/* Begin XCConfigurationList section */
		6358430427B7AED90055DE7E /* Build configuration list for PBXProject "TaleOMeter" */ = {
			isa = XCConfigurationList;
			buildConfigurations = (
				6358433127B7AEDB0055DE7E /* Debug */,
				6358433227B7AEDB0055DE7E /* Release */,
			);
			defaultConfigurationIsVisible = 0;
			defaultConfigurationName = Release;
		};
		6358433327B7AEDB0055DE7E /* Build configuration list for PBXNativeTarget "TaleOMeter" */ = {
			isa = XCConfigurationList;
			buildConfigurations = (
				6358433427B7AEDB0055DE7E /* Debug */,
				6358433527B7AEDB0055DE7E /* Release */,
			);
			defaultConfigurationIsVisible = 0;
			defaultConfigurationName = Release;
		};
		6358433627B7AEDB0055DE7E /* Build configuration list for PBXNativeTarget "TaleOMeterTests" */ = {
			isa = XCConfigurationList;
			buildConfigurations = (
				6358433727B7AEDB0055DE7E /* Debug */,
				6358433827B7AEDB0055DE7E /* Release */,
			);
			defaultConfigurationIsVisible = 0;
			defaultConfigurationName = Release;
		};
		6358433927B7AEDB0055DE7E /* Build configuration list for PBXNativeTarget "TaleOMeterUITests" */ = {
			isa = XCConfigurationList;
			buildConfigurations = (
				6358433A27B7AEDB0055DE7E /* Debug */,
				6358433B27B7AEDB0055DE7E /* Release */,
			);
			defaultConfigurationIsVisible = 0;
			defaultConfigurationName = Release;
		};
/* End XCConfigurationList section */
	};
	rootObject = 6358430127B7AED90055DE7E /* Project object */;
}
